<?xml version="1.0" encoding="utf-8"?>
<Project ToolsVersion="4.0" xmlns="http://schemas.microsoft.com/developer/msbuild/2003">
  <ItemGroup>
    <Filter Include="Source Files">
      <UniqueIdentifier>{4FC737F1-C7A5-4376-A066-2A32D752A2FF}</UniqueIdentifier>
      <Extensions>cpp;c;cc;cxx;def;odl;idl;hpj;bat;asm;asmx</Extensions>
    </Filter>
    <Filter Include="Header Files">
      <UniqueIdentifier>{93995380-89BD-4b04-88EB-625FBE52EBFB}</UniqueIdentifier>
      <Extensions>h;hpp;hxx;hm;inl;inc;xsd</Extensions>
    </Filter>
    <Filter Include="Resource Files">
      <UniqueIdentifier>{67DA6AB6-F800-4c08-8B7A-83BB121AAD01}</UniqueIdentifier>
      <Extensions>rc;ico;cur;bmp;dlg;rc2;rct;bin;rgs;gif;jpg;jpeg;jpe;resx;tiff;tif;png;wav</Extensions>
    </Filter>
  </ItemGroup>
  <ItemGroup>
    <ClCompile Include="..\libdex\CmdUtils.cpp">
      <Filter>Source Files</Filter>
    </ClCompile>
    <ClCompile Include="..\libdex\DexCatch.cpp">
      <Filter>Source Files</Filter>
    </ClCompile>
    <ClCompile Include="..\libdex\DexClass.cpp">
      <Filter>Source Files</Filter>
    </ClCompile>
    <ClCompile Include="..\libdex\DexDataMap.cpp">
      <Filter>Source Files</Filter>
    </ClCompile>
    <ClCompile Include="DexDump.cpp">
      <Filter>Source Files</Filter>
    </ClCompile>
    <ClCompile Include="..\libdex\DexFile.cpp">
      <Filter>Source Files</Filter>
    </ClCompile>
    <ClCompile Include="..\libdex\DexProto.cpp">
      <Filter>Source Files</Filter>
    </ClCompile>
    <ClCompile Include="..\libdex\DexSwapVerify.cpp">
      <Filter>Source Files</Filter>
    </ClCompile>
    <ClCompile Include="..\msvc\getopt.c">
      <Filter>Source Files</Filter>
    </ClCompile>
    <ClCompile Include="..\libdex\InstrUtils.cpp">
      <Filter>Source Files</Filter>
    </ClCompile>
    <ClCompile Include="..\libdex\Leb128.cpp">
      <Filter>Source Files</Filter>
    </ClCompile>
    <ClCompile Include="OpCodeNames.c">
      <Filter>Source Files</Filter>
    </ClCompile>
    <ClCompile Include="..\libdex\OptInvocation.cpp">
      <Filter>Source Files</Filter>
    </ClCompile>
    <ClCompile Include="..\libdex\sha1.cpp">
      <Filter>Source Files</Filter>
    </ClCompile>
    <ClCompile Include="..\libdex\SysUtil.cpp">
      <Filter>Source Files</Filter>
    </ClCompile>
    <ClCompile Include="..\libdex\ZipArchive.cpp">
      <Filter>Source Files</Filter>
    </ClCompile>
    <ClCompile Include="..\TreeConstructor\TCOutputHelper.cpp">
      <Filter>Source Files</Filter>
    </ClCompile>
  </ItemGroup>
  <ItemGroup>
    <ClInclude Include="..\libdex\CmdUtils.h">
      <Filter>Header Files</Filter>
    </ClInclude>
    <ClInclude Include="..\libdex\DexCatch.h">
      <Filter>Header Files</Filter>
    </ClInclude>
    <ClInclude Include="..\libdex\DexClass.h">
      <Filter>Header Files</Filter>
    </ClInclude>
    <ClInclude Include="..\libdex\DexDataMap.h">
      <Filter>Header Files</Filter>
    </ClInclude>
    <ClInclude Include="..\libdex\DexFile.h">
      <Filter>Header Files</Filter>
    </ClInclude>
    <ClInclude Include="..\libdex\DexProto.h">
      <Filter>Header Files</Filter>
    </ClInclude>
    <ClInclude Include="..\msvc\getopt.h">
      <Filter>Header Files</Filter>
    </ClInclude>
    <ClInclude Include="..\libdex\InstrUtils.h">
      <Filter>Header Files</Filter>
    </ClInclude>
    <ClInclude Include="..\libdex\Leb128.h">
      <Filter>Header Files</Filter>
    </ClInclude>
    <ClInclude Include="..\libdex\OpCode.h">
      <Filter>Header Files</Filter>
    </ClInclude>
    <ClInclude Include="OpCodeNames.h">
      <Filter>Header Files</Filter>
    </ClInclude>
    <ClInclude Include="..\libdex\OptInvocation.h">
      <Filter>Header Files</Filter>
    </ClInclude>
    <ClInclude Include="..\libdex\sha1.h">
      <Filter>Header Files</Filter>
    </ClInclude>
    <ClInclude Include="..\libdex\SysUtil.h">
      <Filter>Header Files</Filter>
    </ClInclude>
    <ClInclude Include="..\libdex\ZipArchive.h">
      <Filter>Header Files</Filter>
    </ClInclude>
    <ClInclude Include="TreeConstructor\TCOutputHelper.h">
      <Filter>Header Files</Filter>
    </ClInclude>
  </ItemGroup>
</Project>